
Microsoft Visual Studio Solution File, Format Version 12.00
# Visual Studio 2013
VisualStudioVersion = 12.0.30723.0
MinimumVisualStudioVersion = 10.0.40219.1
Project("{8BC9CEB8-8B4A-11D0-8D11-00A0C91BC942}") = "Common", "Common\Common.vcxproj", "{913CF434-DAA6-4035-A90C-2BE0809CA424}"
EndProject
Project("{8BC9CEB8-8B4A-11D0-8D11-00A0C91BC942}") = "Test", "Test\Test.vcxproj", "{6A4C3B07-A9EA-4753-9797-ED326F5A4E73}"
	ProjectSection(ProjectDependencies) = postProject
		{913CF434-DAA6-4035-A90C-2BE0809CA424} = {913CF434-DAA6-4035-A90C-2BE0809CA424}
	EndProjectSection
EndProject
Project("{8BC9CEB8-8B4A-11D0-8D11-00A0C91BC942}") = "SimplePassword", "SimplePassword\SimplePassword.vcxproj", "{4E8E40A3-1B3A-4A87-93F2-191A92CEA9F3}"
	ProjectSection(ProjectDependencies) = postProject
		{913CF434-DAA6-4035-A90C-2BE0809CA424} = {913CF434-DAA6-4035-A90C-2BE0809CA424}
	EndProjectSection
EndProject
Project("{8BC9CEB8-8B4A-11D0-8D11-00A0C91BC942}") = "SimplePickNumber", "SimplePickNumber\SimplePickNumber.vcxproj", "{E7888FC3-DCF5-4EA5-84AC-0C30E79D4FC2}"
	ProjectSection(ProjectDependencies) = postProject
		{913CF434-DAA6-4035-A90C-2BE0809CA424} = {913CF434-DAA6-4035-A90C-2BE0809CA424}
	EndProjectSection
EndProject
Project("{8BC9CEB8-8B4A-11D0-8D11-00A0C91BC942}") = "Serial", "Serial\Serial.vcxproj", "{23034EBE-6221-471F-9E7C-B983B412586B}"
EndProject
Project("{8BC9CEB8-8B4A-11D0-8D11-00A0C91BC942}") = "LCG", "LCG\LCG.vcxproj", "{4BCA0B84-180B-4D15-B680-7C9D7343AD3C}"
EndProject
Project("{8BC9CEB8-8B4A-11D0-8D11-00A0C91BC942}") = "MungedPassword", "MungedPassword\MungedPassword.vcxproj", "{1BF837CC-3635-4F18-B676-BEABE783F400}"
EndProject
Project("{8BC9CEB8-8B4A-11D0-8D11-00A0C91BC942}") = "StructMath", "StructMath\StructMath.vcxproj", "{00C60E09-D17C-41A7-A915-03A736EBC3B6}"
EndProject
Project("{8BC9CEB8-8B4A-11D0-8D11-00A0C91BC942}") = "XorGame", "XorGame\XorGame.vcxproj", "{343CA1C1-E3DC-4B3D-AF96-4C6AAA5C888B}"
EndProject
Global
	GlobalSection(SolutionConfigurationPlatforms) = preSolution
		Debug|Win32 = Debug|Win32
		Release|Win32 = Release|Win32
	EndGlobalSection
	GlobalSection(ProjectConfigurationPlatforms) = postSolution
		{913CF434-DAA6-4035-A90C-2BE0809CA424}.Debug|Win32.ActiveCfg = Debug|Win32
		{913CF434-DAA6-4035-A90C-2BE0809CA424}.Debug|Win32.Build.0 = Debug|Win32
		{913CF434-DAA6-4035-A90C-2BE0809CA424}.Release|Win32.ActiveCfg = Release|Win32
		{913CF434-DAA6-4035-A90C-2BE0809CA424}.Release|Win32.Build.0 = Release|Win32
		{6A4C3B07-A9EA-4753-9797-ED326F5A4E73}.Debug|Win32.ActiveCfg = Debug|Win32
		{6A4C3B07-A9EA-4753-9797-ED326F5A4E73}.Debug|Win32.Build.0 = Debug|Win32
		{6A4C3B07-A9EA-4753-9797-ED326F5A4E73}.Release|Win32.ActiveCfg = Release|Win32
		{6A4C3B07-A9EA-4753-9797-ED326F5A4E73}.Release|Win32.Build.0 = Release|Win32
		{4E8E40A3-1B3A-4A87-93F2-191A92CEA9F3}.Debug|Win32.ActiveCfg = Debug|Win32
		{4E8E40A3-1B3A-4A87-93F2-191A92CEA9F3}.Debug|Win32.Build.0 = Debug|Win32
		{4E8E40A3-1B3A-4A87-93F2-191A92CEA9F3}.Release|Win32.ActiveCfg = Release|Win32
		{4E8E40A3-1B3A-4A87-93F2-191A92CEA9F3}.Release|Win32.Build.0 = Release|Win32
		{E7888FC3-DCF5-4EA5-84AC-0C30E79D4FC2}.Debug|Win32.ActiveCfg = Debug|Win32
		{E7888FC3-DCF5-4EA5-84AC-0C30E79D4FC2}.Debug|Win32.Build.0 = Debug|Win32
		{E7888FC3-DCF5-4EA5-84AC-0C30E79D4FC2}.Release|Win32.ActiveCfg = Release|Win32
		{E7888FC3-DCF5-4EA5-84AC-0C30E79D4FC2}.Release|Win32.Build.0 = Release|Win32
		{23034EBE-6221-471F-9E7C-B983B412586B}.Debug|Win32.ActiveCfg = Debug|Win32
		{23034EBE-6221-471F-9E7C-B983B412586B}.Debug|Win32.Build.0 = Debug|Win32
		{23034EBE-6221-471F-9E7C-B983B412586B}.Release|Win32.ActiveCfg = Release|Win32
		{23034EBE-6221-471F-9E7C-B983B412586B}.Release|Win32.Build.0 = Release|Win32
		{4BCA0B84-180B-4D15-B680-7C9D7343AD3C}.Debug|Win32.ActiveCfg = Debug|Win32
		{4BCA0B84-180B-4D15-B680-7C9D7343AD3C}.Debug|Win32.Build.0 = Debug|Win32
		{4BCA0B84-180B-4D15-B680-7C9D7343AD3C}.Release|Win32.ActiveCfg = Release|Win32
		{4BCA0B84-180B-4D15-B680-7C9D7343AD3C}.Release|Win32.Build.0 = Release|Win32
		{1BF837CC-3635-4F18-B676-BEABE783F400}.Debug|Win32.ActiveCfg = Debug|Win32
		{1BF837CC-3635-4F18-B676-BEABE783F400}.Debug|Win32.Build.0 = Debug|Win32
		{1BF837CC-3635-4F18-B676-BEABE783F400}.Release|Win32.ActiveCfg = Release|Win32
		{1BF837CC-3635-4F18-B676-BEABE783F400}.Release|Win32.Build.0 = Release|Win32
		{00C60E09-D17C-41A7-A915-03A736EBC3B6}.Debug|Win32.ActiveCfg = Debug|Win32
		{00C60E09-D17C-41A7-A915-03A736EBC3B6}.Debug|Win32.Build.0 = Debug|Win32
		{00C60E09-D17C-41A7-A915-03A736EBC3B6}.Release|Win32.ActiveCfg = Release|Win32
		{00C60E09-D17C-41A7-A915-03A736EBC3B6}.Release|Win32.Build.0 = Release|Win32
		{343CA1C1-E3DC-4B3D-AF96-4C6AAA5C888B}.Debug|Win32.ActiveCfg = Debug|Win32
		{343CA1C1-E3DC-4B3D-AF96-4C6AAA5C888B}.Debug|Win32.Build.0 = Debug|Win32
		{343CA1C1-E3DC-4B3D-AF96-4C6AAA5C888B}.Release|Win32.ActiveCfg = Release|Win32
		{343CA1C1-E3DC-4B3D-AF96-4C6AAA5C888B}.Release|Win32.Build.0 = Release|Win32
	EndGlobalSection
	GlobalSection(SolutionProperties) = preSolution
		HideSolutionNode = FALSE
	EndGlobalSection
EndGlobal
